
Microsoft Visual Studio Solution File, Format Version 12.00
# Visual Studio Version 17
VisualStudioVersion = 17.7.33906.173
MinimumVisualStudioVersion = 10.0.40219.1
Project("{9A19103F-16F7-4668-BE54-9A1E7A4F7556}") = "Frontend", "AboutTokens\Frontend.csproj", "{C4E78F30-F073-44CE-8C76-CE45F8F23130}"
EndProject
Project("{9A19103F-16F7-4668-BE54-9A1E7A4F7556}") = "IdentityServer", "IdentityServer\IdentityServer.csproj", "{61F8C06E-05F9-435A-BA04-C5562E4D613D}"
EndProject
Project("{E53339B2-1760-4266-BCC7-CA923CBCF16C}") = "docker-compose", "docker-compose.dcproj", "{6ADBC2F5-49AC-4349-98A2-6BC526CB5F75}"
EndProject
Project("{9A19103F-16F7-4668-BE54-9A1E7A4F7556}") = "BackendForFrontend", "BackendForFrontend\BackendForFrontend.csproj", "{FBBD9E72-BECA-444D-8256-CB0F166B5AC1}"
EndProject
Project("{9A19103F-16F7-4668-BE54-9A1E7A4F7556}") = "InventoryApi", "InventoryApi\InventoryApi.csproj", "{C7137CB1-D512-409A-AD39-4E022B8F41FC}"
EndProject
Project("{2150E333-8FDC-42A3-9474-1A3956D46DE8}") = "Frontends", "Frontends", "{9619F610-7C45-411F-AFDA-3FB722E90220}"
EndProject
Project("{2150E333-8FDC-42A3-9474-1A3956D46DE8}") = "BFF", "BFF", "{9ED45800-CBF2-4E9A-B268-B0245260D34E}"
EndProject
Project("{2150E333-8FDC-42A3-9474-1A3956D46DE8}") = "APIs", "APIs", "{F0B6665E-46DE-4117-83D6-6589FE52003B}"
EndProject
Project("{2150E333-8FDC-42A3-9474-1A3956D46DE8}") = "IDP", "IDP", "{BDA117EF-269A-4EFD-8DD8-9F348530C56A}"
EndProject
Global
	GlobalSection(SolutionConfigurationPlatforms) = preSolution
		Debug|Any CPU = Debug|Any CPU
		Release|Any CPU = Release|Any CPU
	EndGlobalSection
	GlobalSection(ProjectConfigurationPlatforms) = postSolution
		{C4E78F30-F073-44CE-8C76-CE45F8F23130}.Debug|Any CPU.ActiveCfg = Debug|Any CPU
		{C4E78F30-F073-44CE-8C76-CE45F8F23130}.Debug|Any CPU.Build.0 = Debug|Any CPU
		{C4E78F30-F073-44CE-8C76-CE45F8F23130}.Release|Any CPU.ActiveCfg = Release|Any CPU
		{C4E78F30-F073-44CE-8C76-CE45F8F23130}.Release|Any CPU.Build.0 = Release|Any CPU
		{61F8C06E-05F9-435A-BA04-C5562E4D613D}.Debug|Any CPU.ActiveCfg = Debug|Any CPU
		{61F8C06E-05F9-435A-BA04-C5562E4D613D}.Debug|Any CPU.Build.0 = Debug|Any CPU
		{61F8C06E-05F9-435A-BA04-C5562E4D613D}.Release|Any CPU.ActiveCfg = Release|Any CPU
		{61F8C06E-05F9-435A-BA04-C5562E4D613D}.Release|Any CPU.Build.0 = Release|Any CPU
		{6ADBC2F5-49AC-4349-98A2-6BC526CB5F75}.Debug|Any CPU.ActiveCfg = Debug|Any CPU
		{6ADBC2F5-49AC-4349-98A2-6BC526CB5F75}.Debug|Any CPU.Build.0 = Debug|Any CPU
		{6ADBC2F5-49AC-4349-98A2-6BC526CB5F75}.Release|Any CPU.ActiveCfg = Release|Any CPU
		{6ADBC2F5-49AC-4349-98A2-6BC526CB5F75}.Release|Any CPU.Build.0 = Release|Any CPU
		{FBBD9E72-BECA-444D-8256-CB0F166B5AC1}.Debug|Any CPU.ActiveCfg = Debug|Any CPU
		{FBBD9E72-BECA-444D-8256-CB0F166B5AC1}.Debug|Any CPU.Build.0 = Debug|Any CPU
		{FBBD9E72-BECA-444D-8256-CB0F166B5AC1}.Release|Any CPU.ActiveCfg = Release|Any CPU
		{FBBD9E72-BECA-444D-8256-CB0F166B5AC1}.Release|Any CPU.Build.0 = Release|Any CPU
		{C7137CB1-D512-409A-AD39-4E022B8F41FC}.Debug|Any CPU.ActiveCfg = Debug|Any CPU
		{C7137CB1-D512-409A-AD39-4E022B8F41FC}.Debug|Any CPU.Build.0 = Debug|Any CPU
		{C7137CB1-D512-409A-AD39-4E022B8F41FC}.Release|Any CPU.ActiveCfg = Release|Any CPU
		{C7137CB1-D512-409A-AD39-4E022B8F41FC}.Release|Any CPU.Build.0 = Release|Any CPU
	EndGlobalSection
	GlobalSection(SolutionProperties) = preSolution
		HideSolutionNode = FALSE
	EndGlobalSection
	GlobalSection(NestedProjects) = preSolution
		{C4E78F30-F073-44CE-8C76-CE45F8F23130} = {9619F610-7C45-411F-AFDA-3FB722E90220}
		{61F8C06E-05F9-435A-BA04-C5562E4D613D} = {BDA117EF-269A-4EFD-8DD8-9F348530C56A}
		{FBBD9E72-BECA-444D-8256-CB0F166B5AC1} = {9ED45800-CBF2-4E9A-B268-B0245260D34E}
		{C7137CB1-D512-409A-AD39-4E022B8F41FC} = {F0B6665E-46DE-4117-83D6-6589FE52003B}
	EndGlobalSection
	GlobalSection(ExtensibilityGlobals) = postSolution
		SolutionGuid = {5B664F3F-512C-4426-A50A-A8808C3435BE}
	EndGlobalSection
EndGlobal
